# THIS IS AN AUTOGENERATED FILE. DO NOT EDIT THIS FILE DIRECTLY.
# yarn lockfile v1


"@types/estree@0.0.39":
  version "0.0.39"
  resolved "https://registry.yarnpkg.com/@types/estree/-/estree-0.0.39.tgz#e177e699ee1b8c22d23174caaa7422644389509f"

"@types/node@*":
  version "10.3.6"
  resolved "https://registry.yarnpkg.com/@types/node/-/node-10.3.6.tgz#ea8aab9439b59f40d19ec5f13b44642344872b11"

cross-fetch@^2.2.1:
  version "2.2.1"
  resolved "https://registry.yarnpkg.com/cross-fetch/-/cross-fetch-2.2.1.tgz#96c859104d75defc967fb5db62474e75426b02b0"
  dependencies:
    node-fetch "2.1.2"
    whatwg-fetch "2.0.4"

node-fetch@2.1.2:
  version "2.1.2"
  resolved "https://registry.yarnpkg.com/node-fetch/-/node-fetch-2.1.2.tgz#ab884e8e7e57e38a944753cec706f788d1768bb5"

rollup@^0.61.2:
  version "0.61.2"
  resolved "https://registry.yarnpkg.com/rollup/-/rollup-0.61.2.tgz#30a953736964683a5b8ea952b137a393d84e6302"
  dependencies:
    "@types/estree" "0.0.39"
    "@types/node" "*"

whatwg-fetch@2.0.4:
  version "2.0.4"
  resolved "https://registry.yarnpkg.com/whatwg-fetch/-/whatwg-fetch-2.0.4.tgz#dde6a5df315f9d39991aa17621853d720b85566f"
